// !$*UTF8*$!
{
	archiveVersion = 1;
	classes = {
	};
	objectVersion = 56;
	objects = {

/* Begin PBXBuildFile section */
		8C074E8E2C6C8DA80080BCAE /* ScrollViewTutorial.swift in Sources */ = {isa = PBXBuildFile; fileRef = 8C074E8D2C6C8DA80080BCAE /* ScrollViewTutorial.swift */; };
		8C2C4E9D2C730CC800E5896B /* ControlFlowTutorial.swift in Sources */ = {isa = PBXBuildFile; fileRef = 8C2C4E9C2C730CC800E5896B /* ControlFlowTutorial.swift */; };
		8C47AEF82C688D0E00E7E7D0 /* bootcampApp.swift in Sources */ = {isa = PBXBuildFile; fileRef = 8C47AEF72C688D0E00E7E7D0 /* bootcampApp.swift */; };
		8C47AEFA2C688D0E00E7E7D0 /* ContentView.swift in Sources */ = {isa = PBXBuildFile; fileRef = 8C47AEF92C688D0E00E7E7D0 /* ContentView.swift */; };
		8C47AEFC2C688D0F00E7E7D0 /* Assets.xcassets in Resources */ = {isa = PBXBuildFile; fileRef = 8C47AEFB2C688D0F00E7E7D0 /* Assets.xcassets */; };
		8C47AEFF2C688D0F00E7E7D0 /* Preview Assets.xcassets in Resources */ = {isa = PBXBuildFile; fileRef = 8C47AEFE2C688D0F00E7E7D0 /* Preview Assets.xcassets */; };
		8C47AF082C68C35D00E7E7D0 /* TextTutorial.swift in Sources */ = {isa = PBXBuildFile; fileRef = 8C47AF072C68C35D00E7E7D0 /* TextTutorial.swift */; };
		8C47AF0A2C68C42000E7E7D0 /* ShapesTutorial.swift in Sources */ = {isa = PBXBuildFile; fileRef = 8C47AF092C68C42000E7E7D0 /* ShapesTutorial.swift */; };
		8C521CCB2C71D5F5006D2B94 /* ButtonsTutorial.swift in Sources */ = {isa = PBXBuildFile; fileRef = 8C521CCA2C71D5F5006D2B94 /* ButtonsTutorial.swift */; };
		8C521CCD2C71F126006D2B94 /* StatePorpertyTutorial.swift in Sources */ = {isa = PBXBuildFile; fileRef = 8C521CCC2C71F126006D2B94 /* StatePorpertyTutorial.swift */; };
		8C6CB9852C69D8A2001C1ABD /* IconTutorial.swift in Sources */ = {isa = PBXBuildFile; fileRef = 8C6CB9842C69D8A2001C1ABD /* IconTutorial.swift */; };
		8C6CB9872C69E336001C1ABD /* ImagesTutorial.swift in Sources */ = {isa = PBXBuildFile; fileRef = 8C6CB9862C69E336001C1ABD /* ImagesTutorial.swift */; };
		8C6CB9892C6A03C2001C1ABD /* StackTutorials.swift in Sources */ = {isa = PBXBuildFile; fileRef = 8C6CB9882C6A03C2001C1ABD /* StackTutorials.swift */; };
		8C6CB98B2C6A221F001C1ABD /* PaddingTutorial.swift in Sources */ = {isa = PBXBuildFile; fileRef = 8C6CB98A2C6A221F001C1ABD /* PaddingTutorial.swift */; };
		8CA1DA1E2C75ACB100E12991 /* loopTutorialCodeBreak.swift in Sources */ = {isa = PBXBuildFile; fileRef = 8CA1DA1D2C75ACB100E12991 /* loopTutorialCodeBreak.swift */; };
		8CBABFE72C6B61E500CD9A73 /* SpacerTutorial.swift in Sources */ = {isa = PBXBuildFile; fileRef = 8CBABFE62C6B61E500CD9A73 /* SpacerTutorial.swift */; };
		8CBABFE92C6B6B6A00CD9A73 /* LoopTutorial.swift in Sources */ = {isa = PBXBuildFile; fileRef = 8CBABFE82C6B6B6A00CD9A73 /* LoopTutorial.swift */; };
		8CE3D6862C7085CB00A2ACB8 /* GridTutorial.swift in Sources */ = {isa = PBXBuildFile; fileRef = 8CE3D6852C7085CB00A2ACB8 /* GridTutorial.swift */; };
		8CE3D6892C70A8C900A2ACB8 /* InstagramTutorial.swift in Sources */ = {isa = PBXBuildFile; fileRef = 8CE3D6882C70A8C900A2ACB8 /* InstagramTutorial.swift */; };
/* End PBXBuildFile section */

/* Begin PBXFileReference section */
		8C074E8D2C6C8DA80080BCAE /* ScrollViewTutorial.swift */ = {isa = PBXFileReference; lastKnownFileType = sourcecode.swift; path = ScrollViewTutorial.swift; sourceTree = "<group>"; };
		8C2C4E9C2C730CC800E5896B /* ControlFlowTutorial.swift */ = {isa = PBXFileReference; lastKnownFileType = sourcecode.swift; path = ControlFlowTutorial.swift; sourceTree = "<group>"; };
		8C47AEF42C688D0E00E7E7D0 /* bootcamp.app */ = {isa = PBXFileReference; explicitFileType = wrapper.application; includeInIndex = 0; path = bootcamp.app; sourceTree = BUILT_PRODUCTS_DIR; };
		8C47AEF72C688D0E00E7E7D0 /* bootcampApp.swift */ = {isa = PBXFileReference; lastKnownFileType = sourcecode.swift; path = bootcampApp.swift; sourceTree = "<group>"; };
		8C47AEF92C688D0E00E7E7D0 /* ContentView.swift */ = {isa = PBXFileReference; lastKnownFileType = sourcecode.swift; path = ContentView.swift; sourceTree = "<group>"; };
		8C47AEFB2C688D0F00E7E7D0 /* Assets.xcassets */ = {isa = PBXFileReference; lastKnownFileType = folder.assetcatalog; path = Assets.xcassets; sourceTree = "<group>"; };
		8C47AEFE2C688D0F00E7E7D0 /* Preview Assets.xcassets */ = {isa = PBXFileReference; lastKnownFileType = folder.assetcatalog; path = "Preview Assets.xcassets"; sourceTree = "<group>"; };
		8C47AF072C68C35D00E7E7D0 /* TextTutorial.swift */ = {isa = PBXFileReference; lastKnownFileType = sourcecode.swift; path = TextTutorial.swift; sourceTree = "<group>"; };
		8C47AF092C68C42000E7E7D0 /* ShapesTutorial.swift */ = {isa = PBXFileReference; lastKnownFileType = sourcecode.swift; path = ShapesTutorial.swift; sourceTree = "<group>"; };
		8C521CCA2C71D5F5006D2B94 /* ButtonsTutorial.swift */ = {isa = PBXFileReference; lastKnownFileType = sourcecode.swift; path = ButtonsTutorial.swift; sourceTree = "<group>"; };
		8C521CCC2C71F126006D2B94 /* StatePorpertyTutorial.swift */ = {isa = PBXFileReference; lastKnownFileType = sourcecode.swift; path = StatePorpertyTutorial.swift; sourceTree = "<group>"; };
		8C6CB9842C69D8A2001C1ABD /* IconTutorial.swift */ = {isa = PBXFileReference; lastKnownFileType = sourcecode.swift; path = IconTutorial.swift; sourceTree = "<group>"; };
		8C6CB9862C69E336001C1ABD /* ImagesTutorial.swift */ = {isa = PBXFileReference; lastKnownFileType = sourcecode.swift; path = ImagesTutorial.swift; sourceTree = "<group>"; };
		8C6CB9882C6A03C2001C1ABD /* StackTutorials.swift */ = {isa = PBXFileReference; lastKnownFileType = sourcecode.swift; path = StackTutorials.swift; sourceTree = "<group>"; };
		8C6CB98A2C6A221F001C1ABD /* PaddingTutorial.swift */ = {isa = PBXFileReference; lastKnownFileType = sourcecode.swift; path = PaddingTutorial.swift; sourceTree = "<group>"; };
		8CA1DA1D2C75ACB100E12991 /* loopTutorialCodeBreak.swift */ = {isa = PBXFileReference; lastKnownFileType = sourcecode.swift; path = loopTutorialCodeBreak.swift; sourceTree = "<group>"; };
		8CBABFE62C6B61E500CD9A73 /* SpacerTutorial.swift */ = {isa = PBXFileReference; lastKnownFileType = sourcecode.swift; path = SpacerTutorial.swift; sourceTree = "<group>"; };
		8CBABFE82C6B6B6A00CD9A73 /* LoopTutorial.swift */ = {isa = PBXFileReference; lastKnownFileType = sourcecode.swift; path = LoopTutorial.swift; sourceTree = "<group>"; };
		8CE3D6852C7085CB00A2ACB8 /* GridTutorial.swift */ = {isa = PBXFileReference; lastKnownFileType = sourcecode.swift; path = GridTutorial.swift; sourceTree = "<group>"; };
		8CE3D6882C70A8C900A2ACB8 /* InstagramTutorial.swift */ = {isa = PBXFileReference; lastKnownFileType = sourcecode.swift; path = InstagramTutorial.swift; sourceTree = "<group>"; };
/* End PBXFileReference section */

/* Begin PBXFrameworksBuildPhase section */
		8C47AEF12C688D0E00E7E7D0 /* Frameworks */ = {
			isa = PBXFrameworksBuildPhase;
			buildActionMask = 2147483647;
			files = (
			);
			runOnlyForDeploymentPostprocessing = 0;
		};
/* End PBXFrameworksBuildPhase section */

/* Begin PBXGroup section */
		8C47AEEB2C688D0E00E7E7D0 = {
			isa = PBXGroup;
			children = (
				8CA1DA1D2C75ACB100E12991 /* loopTutorialCodeBreak.swift */,
				8C47AEF62C688D0E00E7E7D0 /* bootcamp */,
				8C47AEF52C688D0E00E7E7D0 /* Products */,
			);
			sourceTree = "<group>";
		};
		8C47AEF52C688D0E00E7E7D0 /* Products */ = {
			isa = PBXGroup;
			children = (
				8C47AEF42C688D0E00E7E7D0 /* bootcamp.app */,
			);
			name = Products;
			sourceTree = "<group>";
		};
		8C47AEF62C688D0E00E7E7D0 /* bootcamp */ = {
			isa = PBXGroup;
			children = (
				8C2C4E9C2C730CC800E5896B /* ControlFlowTutorial.swift */,
				8C521CCC2C71F126006D2B94 /* StatePorpertyTutorial.swift */,
				8CE3D6872C70A8A700A2ACB8 /* grids */,
				8C47AEF72C688D0E00E7E7D0 /* bootcampApp.swift */,
				8C47AEF92C688D0E00E7E7D0 /* ContentView.swift */,
				8C47AEFB2C688D0F00E7E7D0 /* Assets.xcassets */,
				8C47AEFD2C688D0F00E7E7D0 /* Preview Content */,
				8C47AF072C68C35D00E7E7D0 /* TextTutorial.swift */,
				8C47AF092C68C42000E7E7D0 /* ShapesTutorial.swift */,
				8C6CB9842C69D8A2001C1ABD /* IconTutorial.swift */,
				8C6CB9862C69E336001C1ABD /* ImagesTutorial.swift */,
				8C6CB9882C6A03C2001C1ABD /* StackTutorials.swift */,
				8C6CB98A2C6A221F001C1ABD /* PaddingTutorial.swift */,
				8CBABFE62C6B61E500CD9A73 /* SpacerTutorial.swift */,
				8CBABFE82C6B6B6A00CD9A73 /* LoopTutorial.swift */,
				8C074E8D2C6C8DA80080BCAE /* ScrollViewTutorial.swift */,
				8C521CCA2C71D5F5006D2B94 /* ButtonsTutorial.swift */,
			);
			path = bootcamp;
			sourceTree = "<group>";
		};
		8C47AEFD2C688D0F00E7E7D0 /* Preview Content */ = {
			isa = PBXGroup;
			children = (
				8C47AEFE2C688D0F00E7E7D0 /* Preview Assets.xcassets */,
			);
			path = "Preview Content";
			sourceTree = "<group>";
		};
		8CE3D6872C70A8A700A2ACB8 /* grids */ = {
			isa = PBXGroup;
			children = (
				8CE3D6852C7085CB00A2ACB8 /* GridTutorial.swift */,
				8CE3D6882C70A8C900A2ACB8 /* InstagramTutorial.swift */,
			);
			path = grids;
			sourceTree = "<group>";
		};
/* End PBXGroup section */

/* Begin PBXNativeTarget section */
		8C47AEF32C688D0E00E7E7D0 /* bootcamp */ = {
			isa = PBXNativeTarget;
			buildConfigurationList = 8C47AF022C688D0F00E7E7D0 /* Build configuration list for PBXNativeTarget "bootcamp" */;
			buildPhases = (
				8C47AEF02C688D0E00E7E7D0 /* Sources */,
				8C47AEF12C688D0E00E7E7D0 /* Frameworks */,
				8C47AEF22C688D0E00E7E7D0 /* Resources */,
			);
			buildRules = (
			);
			dependencies = (
			);
			name = bootcamp;
			productName = bootcamp;
			productReference = 8C47AEF42C688D0E00E7E7D0 /* bootcamp.app */;
			productType = "com.apple.product-type.application";
		};
/* End PBXNativeTarget section */

/* Begin PBXProject section */
		8C47AEEC2C688D0E00E7E7D0 /* Project object */ = {
			isa = PBXProject;
			attributes = {
				BuildIndependentTargetsInParallel = 1;
				LastSwiftUpdateCheck = 1500;
				LastUpgradeCheck = 1500;
				TargetAttributes = {
					8C47AEF32C688D0E00E7E7D0 = {
						CreatedOnToolsVersion = 15.0;
					};
				};
			};
			buildConfigurationList = 8C47AEEF2C688D0E00E7E7D0 /* Build configuration list for PBXProject "bootcamp" */;
			compatibilityVersion = "Xcode 14.0";
			developmentRegion = en;
			hasScannedForEncodings = 0;
			knownRegions = (
				en,
				Base,
			);
			mainGroup = 8C47AEEB2C688D0E00E7E7D0;
			productRefGroup = 8C47AEF52C688D0E00E7E7D0 /* Products */;
			projectDirPath = "";
			projectRoot = "";
			targets = (
				8C47AEF32C688D0E00E7E7D0 /* bootcamp */,
			);
		};
/* End PBXProject section */

/* Begin PBXResourcesBuildPhase section */
		8C47AEF22C688D0E00E7E7D0 /* Resources */ = {
			isa = PBXResourcesBuildPhase;
			buildActionMask = 2147483647;
			files = (
				8C47AEFF2C688D0F00E7E7D0 /* Preview Assets.xcassets in Resources */,
				8C47AEFC2C688D0F00E7E7D0 /* Assets.xcassets in Resources */,
			);
			runOnlyForDeploymentPostprocessing = 0;
		};
/* End PBXResourcesBuildPhase section */

/* Begin PBXSourcesBuildPhase section */
		8C47AEF02C688D0E00E7E7D0 /* Sources */ = {
			isa = PBXSourcesBuildPhase;
			buildActionMask = 2147483647;
			files = (
				8C47AEFA2C688D0E00E7E7D0 /* ContentView.swift in Sources */,
				8C2C4E9D2C730CC800E5896B /* ControlFlowTutorial.swift in Sources */,
				8C074E8E2C6C8DA80080BCAE /* ScrollViewTutorial.swift in Sources */,
				8CBABFE92C6B6B6A00CD9A73 /* LoopTutorial.swift in Sources */,
				8CA1DA1E2C75ACB100E12991 /* loopTutorialCodeBreak.swift in Sources */,
				8C521CCB2C71D5F5006D2B94 /* ButtonsTutorial.swift in Sources */,
				8CE3D6862C7085CB00A2ACB8 /* GridTutorial.swift in Sources */,
				8C47AF082C68C35D00E7E7D0 /* TextTutorial.swift in Sources */,
				8C47AEF82C688D0E00E7E7D0 /* bootcampApp.swift in Sources */,
				8C6CB98B2C6A221F001C1ABD /* PaddingTutorial.swift in Sources */,
				8CBABFE72C6B61E500CD9A73 /* SpacerTutorial.swift in Sources */,
				8C6CB9872C69E336001C1ABD /* ImagesTutorial.swift in Sources */,
				8C6CB9852C69D8A2001C1ABD /* IconTutorial.swift in Sources */,
				8CE3D6892C70A8C900A2ACB8 /* InstagramTutorial.swift in Sources */,
				8C6CB9892C6A03C2001C1ABD /* StackTutorials.swift in Sources */,
				8C521CCD2C71F126006D2B94 /* StatePorpertyTutorial.swift in Sources */,
				8C47AF0A2C68C42000E7E7D0 /* ShapesTutorial.swift in Sources */,
			);
			runOnlyForDeploymentPostprocessing = 0;
		};
/* End PBXSourcesBuildPhase section */

/* Begin XCBuildConfiguration section */
		8C47AF002C688D0F00E7E7D0 /* Debug */ = {
			isa = XCBuildConfiguration;
			buildSettings = {
				ALWAYS_SEARCH_USER_PATHS = NO;
				ASSETCATALOG_COMPILER_GENERATE_SWIFT_ASSET_SYMBOL_EXTENSIONS = YES;
				CLANG_ANALYZER_NONNULL = YES;
				CLANG_ANALYZER_NUMBER_OBJECT_CONVERSION = YES_AGGRESSIVE;
				CLANG_CXX_LANGUAGE_STANDARD = "gnu++20";
				CLANG_ENABLE_MODULES = YES;
				CLANG_ENABLE_OBJC_ARC = YES;
				CLANG_ENABLE_OBJC_WEAK = YES;
				CLANG_WARN_BLOCK_CAPTURE_AUTORELEASING = YES;
				CLANG_WARN_BOOL_CONVERSION = YES;
				CLANG_WARN_COMMA = YES;
				CLANG_WARN_CONSTANT_CONVERSION = YES;
				CLANG_WARN_DEPRECATED_OBJC_IMPLEMENTATIONS = YES;
				CLANG_WARN_DIRECT_OBJC_ISA_USAGE = YES_ERROR;
				CLANG_WARN_DOCUMENTATION_COMMENTS = YES;
				CLANG_WARN_EMPTY_BODY = YES;
				CLANG_WARN_ENUM_CONVERSION = YES;
				CLANG_WARN_INFINITE_RECURSION = YES;
				CLANG_WARN_INT_CONVERSION = YES;
				CLANG_WARN_NON_LITERAL_NULL_CONVERSION = YES;
				CLANG_WARN_OBJC_IMPLICIT_RETAIN_SELF = YES;
				CLANG_WARN_OBJC_LITERAL_CONVERSION = YES;
				CLANG_WARN_OBJC_ROOT_CLASS = YES_ERROR;
				CLANG_WARN_QUOTED_INCLUDE_IN_FRAMEWORK_HEADER = YES;
				CLANG_WARN_RANGE_LOOP_ANALYSIS = YES;
				CLANG_WARN_STRICT_PROTOTYPES = YES;
				CLANG_WARN_SUSPICIOUS_MOVE = YES;
				CLANG_WARN_UNGUARDED_AVAILABILITY = YES_AGGRESSIVE;
				CLANG_WARN_UNREACHABLE_CODE = YES;
				CLANG_WARN__DUPLICATE_METHOD_MATCH = YES;
				COPY_PHASE_STRIP = NO;
				DEBUG_INFORMATION_FORMAT = dwarf;
				ENABLE_STRICT_OBJC_MSGSEND = YES;
				ENABLE_TESTABILITY = YES;
				ENABLE_USER_SCRIPT_SANDBOXING = YES;
				GCC_C_LANGUAGE_STANDARD = gnu17;
				GCC_DYNAMIC_NO_PIC = NO;
				GCC_NO_COMMON_BLOCKS = YES;
				GCC_OPTIMIZATION_LEVEL = 0;
				GCC_PREPROCESSOR_DEFINITIONS = (
					"DEBUG=1",
					"$(inherited)",
				);
				GCC_WARN_64_TO_32_BIT_CONVERSION = YES;
				GCC_WARN_ABOUT_RETURN_TYPE = YES_ERROR;
				GCC_WARN_UNDECLARED_SELECTOR = YES;
				GCC_WARN_UNINITIALIZED_AUTOS = YES_AGGRESSIVE;
				GCC_WARN_UNUSED_FUNCTION = YES;
				GCC_WARN_UNUSED_VARIABLE = YES;
				IPHONEOS_DEPLOYMENT_TARGET = 17.0;
				LOCALIZATION_PREFERS_STRING_CATALOGS = YES;
				MTL_ENABLE_DEBUG_INFO = INCLUDE_SOURCE;
				MTL_FAST_MATH = YES;
				ONLY_ACTIVE_ARCH = YES;
				SDKROOT = iphoneos;
				SWIFT_ACTIVE_COMPILATION_CONDITIONS = "DEBUG $(inherited)";
				SWIFT_OPTIMIZATION_LEVEL = "-Onone";
			};
			name = Debug;
		};
		8C47AF012C688D0F00E7E7D0 /* Release */ = {
			isa = XCBuildConfiguration;
			buildSettings = {
				ALWAYS_SEARCH_USER_PATHS = NO;
				ASSETCATALOG_COMPILER_GENERATE_SWIFT_ASSET_SYMBOL_EXTENSIONS = YES;
				CLANG_ANALYZER_NONNULL = YES;
				CLANG_ANALYZER_NUMBER_OBJECT_CONVERSION = YES_AGGRESSIVE;
				CLANG_CXX_LANGUAGE_STANDARD = "gnu++20";
				CLANG_ENABLE_MODULES = YES;
				CLANG_ENABLE_OBJC_ARC = YES;
				CLANG_ENABLE_OBJC_WEAK = YES;
				CLANG_WARN_BLOCK_CAPTURE_AUTORELEASING = YES;
				CLANG_WARN_BOOL_CONVERSION = YES;
				CLANG_WARN_COMMA = YES;
				CLANG_WARN_CONSTANT_CONVERSION = YES;
				CLANG_WARN_DEPRECATED_OBJC_IMPLEMENTATIONS = YES;
				CLANG_WARN_DIRECT_OBJC_ISA_USAGE = YES_ERROR;
				CLANG_WARN_DOCUMENTATION_COMMENTS = YES;
				CLANG_WARN_EMPTY_BODY = YES;
				CLANG_WARN_ENUM_CONVERSION = YES;
				CLANG_WARN_INFINITE_RECURSION = YES;
				CLANG_WARN_INT_CONVERSION = YES;
				CLANG_WARN_NON_LITERAL_NULL_CONVERSION = YES;
				CLANG_WARN_OBJC_IMPLICIT_RETAIN_SELF = YES;
				CLANG_WARN_OBJC_LITERAL_CONVERSION = YES;
				CLANG_WARN_OBJC_ROOT_CLASS = YES_ERROR;
				CLANG_WARN_QUOTED_INCLUDE_IN_FRAMEWORK_HEADER = YES;
				CLANG_WARN_RANGE_LOOP_ANALYSIS = YES;
				CLANG_WARN_STRICT_PROTOTYPES = YES;
				CLANG_WARN_SUSPICIOUS_MOVE = YES;
				CLANG_WARN_UNGUARDED_AVAILABILITY = YES_AGGRESSIVE;
				CLANG_WARN_UNREACHABLE_CODE = YES;
				CLANG_WARN__DUPLICATE_METHOD_MATCH = YES;
				COPY_PHASE_STRIP = NO;
				DEBUG_INFORMATION_FORMAT = "dwarf-with-dsym";
				ENABLE_NS_ASSERTIONS = NO;
				ENABLE_STRICT_OBJC_MSGSEND = YES;
				ENABLE_USER_SCRIPT_SANDBOXING = YES;
				GCC_C_LANGUAGE_STANDARD = gnu17;
				GCC_NO_COMMON_BLOCKS = YES;
				GCC_WARN_64_TO_32_BIT_CONVERSION = YES;
				GCC_WARN_ABOUT_RETURN_TYPE = YES_ERROR;
				GCC_WARN_UNDECLARED_SELECTOR = YES;
				GCC_WARN_UNINITIALIZED_AUTOS = YES_AGGRESSIVE;
				GCC_WARN_UNUSED_FUNCTION = YES;
				GCC_WARN_UNUSED_VARIABLE = YES;
				IPHONEOS_DEPLOYMENT_TARGET = 17.0;
				LOCALIZATION_PREFERS_STRING_CATALOGS = YES;
				MTL_ENABLE_DEBUG_INFO = NO;
				MTL_FAST_MATH = YES;
				SDKROOT = iphoneos;
				SWIFT_COMPILATION_MODE = wholemodule;
				VALIDATE_PRODUCT = YES;
			};
			name = Release;
		};
		8C47AF032C688D0F00E7E7D0 /* Debug */ = {
			isa = XCBuildConfiguration;
			buildSettings = {
				ASSETCATALOG_COMPILER_APPICON_NAME = AppIcon;
				ASSETCATALOG_COMPILER_GLOBAL_ACCENT_COLOR_NAME = AccentColor;
				CODE_SIGN_STYLE = Automatic;
				CURRENT_PROJECT_VERSION = 1;
				DEVELOPMENT_ASSET_PATHS = "\"bootcamp/Preview Content\"";
				ENABLE_PREVIEWS = YES;
				GENERATE_INFOPLIST_FILE = YES;
				INFOPLIST_KEY_UIApplicationSceneManifest_Generation = YES;
				INFOPLIST_KEY_UIApplicationSupportsIndirectInputEvents = YES;
				INFOPLIST_KEY_UILaunchScreen_Generation = YES;
				INFOPLIST_KEY_UISupportedInterfaceOrientations_iPad = "UIInterfaceOrientationPortrait UIInterfaceOrientationPortraitUpsideDown UIInterfaceOrientationLandscapeLeft UIInterfaceOrientationLandscapeRight";
				INFOPLIST_KEY_UISupportedInterfaceOrientations_iPhone = "UIInterfaceOrientationPortrait UIInterfaceOrientationLandscapeLeft UIInterfaceOrientationLandscapeRight";
				LD_RUNPATH_SEARCH_PATHS = (
					"$(inherited)",
					"@executable_path/Frameworks",
				);
				MARKETING_VERSION = 1.0;
				PRODUCT_BUNDLE_IDENTIFIER = com.ccwa.bootcamp;
				PRODUCT_NAME = "$(TARGET_NAME)";
				SWIFT_EMIT_LOC_STRINGS = YES;
				SWIFT_VERSION = 5.0;
				TARGETED_DEVICE_FAMILY = "1,2";
			};
			name = Debug;
		};
		8C47AF042C688D0F00E7E7D0 /* Release */ = {
			isa = XCBuildConfiguration;
			buildSettings = {
				ASSETCATALOG_COMPILER_APPICON_NAME = AppIcon;
				ASSETCATALOG_COMPILER_GLOBAL_ACCENT_COLOR_NAME = AccentColor;
				CODE_SIGN_STYLE = Automatic;
				CURRENT_PROJECT_VERSION = 1;
				DEVELOPMENT_ASSET_PATHS = "\"bootcamp/Preview Content\"";
				ENABLE_PREVIEWS = YES;
				GENERATE_INFOPLIST_FILE = YES;
				INFOPLIST_KEY_UIApplicationSceneManifest_Generation = YES;
				INFOPLIST_KEY_UIApplicationSupportsIndirectInputEvents = YES;
				INFOPLIST_KEY_UILaunchScreen_Generation = YES;
				INFOPLIST_KEY_UISupportedInterfaceOrientations_iPad = "UIInterfaceOrientationPortrait UIInterfaceOrientationPortraitUpsideDown UIInterfaceOrientationLandscapeLeft UIInterfaceOrientationLandscapeRight";
				INFOPLIST_KEY_UISupportedInterfaceOrientations_iPhone = "UIInterfaceOrientationPortrait UIInterfaceOrientationLandscapeLeft UIInterfaceOrientationLandscapeRight";
				LD_RUNPATH_SEARCH_PATHS = (
					"$(inherited)",
					"@executable_path/Frameworks",
				);
				MARKETING_VERSION = 1.0;
				PRODUCT_BUNDLE_IDENTIFIER = com.ccwa.bootcamp;
				PRODUCT_NAME = "$(TARGET_NAME)";
				SWIFT_EMIT_LOC_STRINGS = YES;
				SWIFT_VERSION = 5.0;
				TARGETED_DEVICE_FAMILY = "1,2";
			};
			name = Release;
		};
/* End XCBuildConfiguration section */

/* Begin XCConfigurationList section */
		8C47AEEF2C688D0E00E7E7D0 /* Build configuration list for PBXProject "bootcamp" */ = {
			isa = XCConfigurationList;
			buildConfigurations = (
				8C47AF002C688D0F00E7E7D0 /* Debug */,
				8C47AF012C688D0F00E7E7D0 /* Release */,
			);
			defaultConfigurationIsVisible = 0;
			defaultConfigurationName = Release;
		};
		8C47AF022C688D0F00E7E7D0 /* Build configuration list for PBXNativeTarget "bootcamp" */ = {
			isa = XCConfigurationList;
			buildConfigurations = (
				8C47AF032C688D0F00E7E7D0 /* Debug */,
				8C47AF042C688D0F00E7E7D0 /* Release */,
			);
			defaultConfigurationIsVisible = 0;
			defaultConfigurationName = Release;
		};
/* End XCConfigurationList section */
	};
	rootObject = 8C47AEEC2C688D0E00E7E7D0 /* Project object */;
}
